# This file is generated by running "yarn install" inside your project.
# Manual changes might be lost - proceed with caution!

__metadata:
  version: 6
  cacheKey: 8

"lodash@npm:^4.17.21":
  version: 4.17.21
  resolution: "lodash@npm:4.17.21"
  checksum: eb835a2e51d381e561e508ce932ea50a8e5a68f4ebdd771ea240d3048244a8d13658acbd502cd4829768c56f2e16bdd4340b9ea141297d472517b83868e677f7
  languageName: node
  linkType: hard

"node-module-test@adrian-gierakowski/node-module-test#commit=3bbac84988bcccc7cd83d5124594c43983b022ac":
  version: 1.0.0
  resolution: "node-module-test@https://github.com/adrian-gierakowski/node-module-test.git#commit=3bbac84988bcccc7cd83d5124594c43983b022ac"
  dependencies:
    lodash: ^4.17.21
    ramda: ^0.29.0
  checksum: 19b083b8d65f6094ac4bec5d9ccd4c063d31b20d67a52d86f50889881a9087eaef2d28a7b0a16ae379c1d9b75f288e1019d69c9602a312b2522fd2ed86471547
  languageName: node
  linkType: hard

"ramda@npm:^0.29.0":
  version: 0.29.0
  resolution: "ramda@npm:0.29.0"
  checksum: 9ab26c06eb7545cbb7eebcf75526d6ee2fcaae19e338f165b2bf32772121e7b28192d6664d1ba222ff76188ba26ab307342d66e805dbb02c860560adc4d5dd57
  languageName: node
  linkType: hard

"yarn-3-test@workspace:.":
  version: 0.0.0-use.local
  resolution: "yarn-3-test@workspace:."
  dependencies:
    lodash: ^4.17.21
    node-module-test: "adrian-gierakowski/node-module-test#commit=3bbac84988bcccc7cd83d5124594c43983b022ac"
  bin:
    justLodash: ./src/justLodash.js
    test: ./bin/index.js
  languageName: unknown
  linkType: soft
