# This file is generated by running "yarn install" inside your project.
# Manual changes might be lost - proceed with caution!

__metadata:
  version: 6
  cacheKey: 8

"lodash@npm:^4.17.21":
  version: 4.17.21
  resolution: "lodash@npm:4.17.21"
  checksum: eb835a2e51d381e561e508ce932ea50a8e5a68f4ebdd771ea240d3048244a8d13658acbd502cd4829768c56f2e16bdd4340b9ea141297d472517b83868e677f7
  languageName: node
  linkType: hard

"node-module-test@adrian-gierakowski/node-module-test#76faeed96e049728284d635610289c5bbe8dd4f3":
  version: 1.0.0
  resolution: "node-module-test@https://github.com/adrian-gierakowski/node-module-test.git#commit=76faeed96e049728284d635610289c5bbe8dd4f3"
  checksum: 38fd4043a1e4ffb05a23a72cefc87de204591af440a744b9c8263df8ecf8ec6b1ee0a217e916471264dac796982546e214119174faa250b1eea2248ef3fe3228
  languageName: node
  linkType: hard

"yarn-3-test@workspace:.":
  version: 0.0.0-use.local
  resolution: "yarn-3-test@workspace:."
  dependencies:
    lodash: ^4.17.21
    node-module-test: "adrian-gierakowski/node-module-test#76faeed96e049728284d635610289c5bbe8dd4f3"
  bin:
    justLodash: ./src/justLodash.js
    test: ./bin/index.js
  languageName: unknown
  linkType: soft
