# This file is generated by running "yarn install" inside your project.
# Manual changes might be lost - proceed with caution!

__metadata:
  version: 5
  cacheKey: 8

"node-module-test-dev@adrian-gierakowski/node-module-test#commit=fa8ae80352a91634fa9f2f154e99bf2674688344":
  version: 2.0.0
  resolution: "node-module-test-dev@https://github.com/adrian-gierakowski/node-module-test.git#commit=fa8ae80352a91634fa9f2f154e99bf2674688344"
  checksum: f690ae58c6ef06a991fb944859f51799664b37a54ac5164e72f889f0c5336bf5b057edc0338b6bef64f42cb90c6e553cd81f85f9daa81db643e039ccabc28b40
  languageName: node
  linkType: hard

"node-module-test-no-install@adrian-gierakowski/node-module-test#commit=40970c1bc7ddaf6ac8ec2914300870628eb81975":
  version: 1.0.0
  resolution: "node-module-test-no-install@https://github.com/adrian-gierakowski/node-module-test.git#commit=40970c1bc7ddaf6ac8ec2914300870628eb81975"
  dependencies:
    ramda: ^0.28.0
  checksum: 702becde9c6774b9dff4595b261443e5d56abc29cd6d778125d664a936163b8ce4105d74879a12a6d7477379897b35d068473830ed934131aad807d31fac9761
  languageName: node
  linkType: hard

"node-module-test-test@adrian-gierakowski/node-module-test#commit=fa8ae80352a91634fa9f2f154e99bf2674688344":
  version: 2.0.0
  resolution: "node-module-test-test@https://github.com/adrian-gierakowski/node-module-test.git#commit=fa8ae80352a91634fa9f2f154e99bf2674688344"
  checksum: 910c62af41d00cc6ace688fd1705e53fcb4b46a79e122bfd116953e710f433d7ba3a62d7561109aef3fd10385d92cb2f694215de51fe0e4787b60d1a6eed43e4
  languageName: node
  linkType: hard

"node-module-test@adrian-gierakowski/node-module-test#commit=40970c1bc7ddaf6ac8ec2914300870628eb81975":
  version: 1.0.0
  resolution: "node-module-test@https://github.com/adrian-gierakowski/node-module-test.git#commit=40970c1bc7ddaf6ac8ec2914300870628eb81975"
  dependencies:
    ramda: ^0.28.0
  checksum: de65658437c49496b1106586856bab7df88e31b9d5489b474175843d99d396913f3324c6b3ac3715f1fbe35a28caa8f55aaf886302f521e785405e3dd09f2e82
  languageName: node
  linkType: hard

"ramda@npm:^0.28.0":
  version: 0.28.0
  resolution: "ramda@npm:0.28.0"
  checksum: 44ea6e5010bba70151b6a92d8114a91915e8b5a16105cce65fae58c9d7386b812c429645e35f21141d7087568550ce383bc10ee1a65cdec951f4b69ea457e6a4
  languageName: node
  linkType: hard

"yarn-3-test@workspace:.":
  version: 0.0.0-use.local
  resolution: "yarn-3-test@workspace:."
  dependencies:
    node-module-test: "adrian-gierakowski/node-module-test#commit=40970c1bc7ddaf6ac8ec2914300870628eb81975"
    node-module-test-dev: "adrian-gierakowski/node-module-test#commit=fa8ae80352a91634fa9f2f154e99bf2674688344"
    node-module-test-no-install: "adrian-gierakowski/node-module-test#commit=40970c1bc7ddaf6ac8ec2914300870628eb81975"
    node-module-test-test: "adrian-gierakowski/node-module-test#commit=fa8ae80352a91634fa9f2f154e99bf2674688344"
  bin:
    api: ./bin/index.js
    index2: ./src/index2.js
    justLodash: ./src/justLodash.js
  languageName: unknown
  linkType: soft
